
Microsoft Visual Studio Solution File, Format Version 12.00
# Visual Studio Version 18
VisualStudioVersion = 18.4.11626.88
MinimumVisualStudioVersion = 10.0.40219.1
Project("{FAE04EC0-301F-11D3-BF4B-00C04F79EFBC}") = "Aneiang.Yarp.Dashboard", "src\Aneiang.Yarp.Dashboard\Aneiang.Yarp.Dashboard.csproj", "{27DF9A79-7032-3600-016B-A3CF77739CC4}"
EndProject
Project("{FAE04EC0-301F-11D3-BF4B-00C04F79EFBC}") = "Aneiang.Yarp", "src\Aneiang.Yarp\Aneiang.Yarp.csproj", "{A1B2C3D4-5678-90AB-CDEF-1234567890AB}"
EndProject
Project("{FAE04EC0-301F-11D3-BF4B-00C04F79EFBC}") = "Aneiang.Yarp.Client", "src\Aneiang.Yarp.Client\Aneiang.Yarp.Client.csproj", "{B2C3D4E5-6789-0ABC-DEF1-234567890ABC}"
EndProject
Project("{FAE04EC0-301F-11D3-BF4B-00C04F79EFBC}") = "SampleGateway", "samples\SampleGateway\SampleGateway.csproj", "{E5F6A7B8-C9D0-1234-5678-90ABCDEF1234}"
EndProject
Project("{FAE04EC0-301F-11D3-BF4B-00C04F79EFBC}") = "SampleLocalService", "samples\SampleLocalService\SampleLocalService.csproj", "{D7E8F9A0-B1C2-3456-7890-ABCDEF123456}"
EndProject
Project("{FAE04EC0-301F-11D3-BF4B-00C04F79EFBC}") = "Aneiang.Yarp.Grpc", "src\Aneiang.Yarp.Grpc\Aneiang.Yarp.Grpc.csproj", "{F1E2D3C4-5678-9012-3456-7890ABCDEF12}"
EndProject
Project("{2150E333-8FDC-42A3-9474-1A3956D46DE8}") = "src", "src", "{9B6CB266-A584-4BF6-A116-ECC6DACC8228}"
EndProject
Project("{2150E333-8FDC-42A3-9474-1A3956D46DE8}") = "samples", "samples", "{AB1B021E-18FC-421C-A60B-BC2A27ECEC36}"
EndProject
Project("{FAE04EC0-301F-11D3-BF4B-00C04F79EFBC}") = "Aneiang.Yarp.Storage.Abstractions", "src\Aneiang.Yarp.Storage.Abstractions\Aneiang.Yarp.Storage.Abstractions.csproj", "{5A6A639A-5988-4DF5-B05B-873E6FC4F7B1}"
EndProject
Project("{FAE04EC0-301F-11D3-BF4B-00C04F79EFBC}") = "Aneiang.Yarp.Storage.Sqlite", "src\Aneiang.Yarp.Storage.Sqlite\Aneiang.Yarp.Storage.Sqlite.csproj", "{6E88F783-CC7F-47C5-AFAB-FD29DA8F9127}"
EndProject
Project("{2150E333-8FDC-42A3-9474-1A3956D46DE8}") = "tests", "tests", "{0AB3BF05-4346-4AA6-1389-037BE0695223}"
EndProject
Project("{2150E333-8FDC-42A3-9474-1A3956D46DE8}") = "Aneiang.Yarp.Performance", "Aneiang.Yarp.Performance", "{CA468256-5C90-0F90-64BE-188FF40DB0F0}"
EndProject
Project("{FAE04EC0-301F-11D3-BF4B-00C04F79EFBC}") = "Backend", "tests\Aneiang.Yarp.Performance\Backend\Backend.csproj", "{BB398658-3EBA-4298-A9CE-AD3EA571F9FC}"
EndProject
Project("{FAE04EC0-301F-11D3-BF4B-00C04F79EFBC}") = "NativeYarp", "tests\Aneiang.Yarp.Performance\NativeYarp\NativeYarp.csproj", "{F3228EF8-E44E-4880-BC98-026D376A1899}"
EndProject
Project("{FAE04EC0-301F-11D3-BF4B-00C04F79EFBC}") = "EnhancedYarp", "tests\Aneiang.Yarp.Performance\EnhancedYarp\EnhancedYarp.csproj", "{539A2A6A-B1E7-462F-803A-DF6651AD14FC}"
EndProject
Project("{FAE04EC0-301F-11D3-BF4B-00C04F79EFBC}") = "Runner", "tests\Aneiang.Yarp.Performance\Runner\Runner.csproj", "{6CA3F43A-CD28-441C-8331-DFFC2A27939B}"
EndProject
Project("{FAE04EC0-301F-11D3-BF4B-00C04F79EFBC}") = "Aneiang.Yarp.Regression", "tests\Aneiang.Yarp.Regression\Aneiang.Yarp.Regression.csproj", "{FD2C8F63-9776-4CAA-B1EA-C2049C5BB1F4}"
EndProject
Project("{FAE04EC0-301F-11D3-BF4B-00C04F79EFBC}") = "Aneiang.Yarp.Plugin.Abstractions", "src\Aneiang.Yarp.Plugin.Abstractions\Aneiang.Yarp.Plugin.Abstractions.csproj", "{5ECF895D-1682-4C9B-8399-E821A38507FD}"
EndProject
Project("{FAE04EC0-301F-11D3-BF4B-00C04F79EFBC}") = "Aneiang.Yarp.Plugin.Waf", "src\Aneiang.Yarp.Plugin.Waf\Aneiang.Yarp.Plugin.Waf.csproj", "{6FD30DDD-8012-4230-9849-EC1681496A58}"
EndProject
Project("{FAE04EC0-301F-11D3-BF4B-00C04F79EFBC}") = "Aneiang.Yarp.Plugin.Retry", "src\Aneiang.Yarp.Plugin.Retry\Aneiang.Yarp.Plugin.Retry.csproj", "{31202B51-86CE-42BE-B661-D3DE4EAC374F}"
EndProject
Project("{FAE04EC0-301F-11D3-BF4B-00C04F79EFBC}") = "Aneiang.Yarp.Plugin.CircuitBreaker", "src\Aneiang.Yarp.Plugin.CircuitBreaker\Aneiang.Yarp.Plugin.CircuitBreaker.csproj", "{3CCD6421-1803-4623-8F09-24A5CC5291A0}"
EndProject
Project("{FAE04EC0-301F-11D3-BF4B-00C04F79EFBC}") = "Aneiang.Yarp.Plugin.RateLimit", "src\Aneiang.Yarp.Plugin.RateLimit\Aneiang.Yarp.Plugin.RateLimit.csproj", "{6074CC3A-22E3-478B-90F7-9CEEC70F041E}"
EndProject
Project("{FAE04EC0-301F-11D3-BF4B-00C04F79EFBC}") = "Aneiang.Yarp.Plugin.ProxyLog", "src\Aneiang.Yarp.Plugin.ProxyLog\Aneiang.Yarp.Plugin.ProxyLog.csproj", "{47965985-8668-4D21-8D01-B3C8B3F4A4A8}"
EndProject
Project("{FAE04EC0-301F-11D3-BF4B-00C04F79EFBC}") = "Aneiang.Yarp.Plugin.Cache", "src\Aneiang.Yarp.Plugin.Cache\Aneiang.Yarp.Plugin.Cache.csproj", "{EB56EA8A-DF37-40EB-81F3-6B667B3AEC59}"
EndProject
Project("{FAE04EC0-301F-11D3-BF4B-00C04F79EFBC}") = "Aneiang.Yarp.Plugin.ServiceDiscovery", "src\Aneiang.Yarp.Plugin.ServiceDiscovery\Aneiang.Yarp.Plugin.ServiceDiscovery.csproj", "{791FEBD0-5461-406D-A63E-EF3F007C1530}"
EndProject
Project("{FAE04EC0-301F-11D3-BF4B-00C04F79EFBC}") = "Aneiang.Yarp.Plugin.Metrics", "src\Aneiang.Yarp.Plugin.Metrics\Aneiang.Yarp.Plugin.Metrics.csproj", "{C7EC5FFF-00C1-42BD-8396-2F514FE5AA01}"
EndProject
Project("{FAE04EC0-301F-11D3-BF4B-00C04F79EFBC}") = "Aneiang.Yarp.Plugin.Compression", "src\Aneiang.Yarp.Plugin.Compression\Aneiang.Yarp.Plugin.Compression.csproj", "{3E118ACA-2417-4E70-B1C0-FD51F454B27F}"
EndProject
Project("{FAE04EC0-301F-11D3-BF4B-00C04F79EFBC}") = "Aneiang.Yarp.Plugin.RateLimit.Redis", "src\Aneiang.Yarp.Plugin.RateLimit.Redis\Aneiang.Yarp.Plugin.RateLimit.Redis.csproj", "{14D65206-B53D-47B1-B0E8-17E27B73D0E2}"
EndProject
Global
	GlobalSection(SolutionConfigurationPlatforms) = preSolution
		Debug|Any CPU = Debug|Any CPU
		Debug|x64 = Debug|x64
		Debug|x86 = Debug|x86
		Release|Any CPU = Release|Any CPU
		Release|x64 = Release|x64
		Release|x86 = Release|x86
	EndGlobalSection
	GlobalSection(ProjectConfigurationPlatforms) = postSolution
		{27DF9A79-7032-3600-016B-A3CF77739CC4}.Debug|Any CPU.ActiveCfg = Debug|Any CPU
		{27DF9A79-7032-3600-016B-A3CF77739CC4}.Debug|Any CPU.Build.0 = Debug|Any CPU
		{27DF9A79-7032-3600-016B-A3CF77739CC4}.Debug|x64.ActiveCfg = Debug|Any CPU
		{27DF9A79-7032-3600-016B-A3CF77739CC4}.Debug|x64.Build.0 = Debug|Any CPU
		{27DF9A79-7032-3600-016B-A3CF77739CC4}.Debug|x86.ActiveCfg = Debug|Any CPU
		{27DF9A79-7032-3600-016B-A3CF77739CC4}.Debug|x86.Build.0 = Debug|Any CPU
		{27DF9A79-7032-3600-016B-A3CF77739CC4}.Release|Any CPU.ActiveCfg = Release|Any CPU
		{27DF9A79-7032-3600-016B-A3CF77739CC4}.Release|Any CPU.Build.0 = Release|Any CPU
		{27DF9A79-7032-3600-016B-A3CF77739CC4}.Release|x64.ActiveCfg = Release|Any CPU
		{27DF9A79-7032-3600-016B-A3CF77739CC4}.Release|x64.Build.0 = Release|Any CPU
		{27DF9A79-7032-3600-016B-A3CF77739CC4}.Release|x86.ActiveCfg = Release|Any CPU
		{27DF9A79-7032-3600-016B-A3CF77739CC4}.Release|x86.Build.0 = Release|Any CPU
		{A1B2C3D4-5678-90AB-CDEF-1234567890AB}.Debug|Any CPU.ActiveCfg = Debug|Any CPU
		{A1B2C3D4-5678-90AB-CDEF-1234567890AB}.Debug|Any CPU.Build.0 = Debug|Any CPU
		{A1B2C3D4-5678-90AB-CDEF-1234567890AB}.Debug|x64.ActiveCfg = Debug|Any CPU
		{A1B2C3D4-5678-90AB-CDEF-1234567890AB}.Debug|x64.Build.0 = Debug|Any CPU
		{A1B2C3D4-5678-90AB-CDEF-1234567890AB}.Debug|x86.ActiveCfg = Debug|Any CPU
		{A1B2C3D4-5678-90AB-CDEF-1234567890AB}.Debug|x86.Build.0 = Debug|Any CPU
		{A1B2C3D4-5678-90AB-CDEF-1234567890AB}.Release|Any CPU.ActiveCfg = Release|Any CPU
		{A1B2C3D4-5678-90AB-CDEF-1234567890AB}.Release|Any CPU.Build.0 = Release|Any CPU
		{A1B2C3D4-5678-90AB-CDEF-1234567890AB}.Release|x64.ActiveCfg = Release|Any CPU
		{A1B2C3D4-5678-90AB-CDEF-1234567890AB}.Release|x64.Build.0 = Release|Any CPU
		{A1B2C3D4-5678-90AB-CDEF-1234567890AB}.Release|x86.ActiveCfg = Release|Any CPU
		{A1B2C3D4-5678-90AB-CDEF-1234567890AB}.Release|x86.Build.0 = Release|Any CPU
		{B2C3D4E5-6789-0ABC-DEF1-234567890ABC}.Debug|Any CPU.ActiveCfg = Debug|Any CPU
		{B2C3D4E5-6789-0ABC-DEF1-234567890ABC}.Debug|Any CPU.Build.0 = Debug|Any CPU
		{B2C3D4E5-6789-0ABC-DEF1-234567890ABC}.Debug|x64.ActiveCfg = Debug|Any CPU
		{B2C3D4E5-6789-0ABC-DEF1-234567890ABC}.Debug|x64.Build.0 = Debug|Any CPU
		{B2C3D4E5-6789-0ABC-DEF1-234567890ABC}.Debug|x86.ActiveCfg = Debug|Any CPU
		{B2C3D4E5-6789-0ABC-DEF1-234567890ABC}.Debug|x86.Build.0 = Debug|Any CPU
		{B2C3D4E5-6789-0ABC-DEF1-234567890ABC}.Release|Any CPU.ActiveCfg = Release|Any CPU
		{B2C3D4E5-6789-0ABC-DEF1-234567890ABC}.Release|Any CPU.Build.0 = Release|Any CPU
		{B2C3D4E5-6789-0ABC-DEF1-234567890ABC}.Release|x64.ActiveCfg = Release|Any CPU
		{B2C3D4E5-6789-0ABC-DEF1-234567890ABC}.Release|x64.Build.0 = Release|Any CPU
		{B2C3D4E5-6789-0ABC-DEF1-234567890ABC}.Release|x86.ActiveCfg = Release|Any CPU
		{B2C3D4E5-6789-0ABC-DEF1-234567890ABC}.Release|x86.Build.0 = Release|Any CPU
		{E5F6A7B8-C9D0-1234-5678-90ABCDEF1234}.Debug|Any CPU.ActiveCfg = Debug|Any CPU
		{E5F6A7B8-C9D0-1234-5678-90ABCDEF1234}.Debug|Any CPU.Build.0 = Debug|Any CPU
		{E5F6A7B8-C9D0-1234-5678-90ABCDEF1234}.Debug|x64.ActiveCfg = Debug|Any CPU
		{E5F6A7B8-C9D0-1234-5678-90ABCDEF1234}.Debug|x64.Build.0 = Debug|Any CPU
		{E5F6A7B8-C9D0-1234-5678-90ABCDEF1234}.Debug|x86.ActiveCfg = Debug|Any CPU
		{E5F6A7B8-C9D0-1234-5678-90ABCDEF1234}.Debug|x86.Build.0 = Debug|Any CPU
		{E5F6A7B8-C9D0-1234-5678-90ABCDEF1234}.Release|Any CPU.ActiveCfg = Release|Any CPU
		{E5F6A7B8-C9D0-1234-5678-90ABCDEF1234}.Release|Any CPU.Build.0 = Release|Any CPU
		{E5F6A7B8-C9D0-1234-5678-90ABCDEF1234}.Release|x64.ActiveCfg = Release|Any CPU
		{E5F6A7B8-C9D0-1234-5678-90ABCDEF1234}.Release|x64.Build.0 = Release|Any CPU
		{E5F6A7B8-C9D0-1234-5678-90ABCDEF1234}.Release|x86.ActiveCfg = Release|Any CPU
		{E5F6A7B8-C9D0-1234-5678-90ABCDEF1234}.Release|x86.Build.0 = Release|Any CPU
		{D7E8F9A0-B1C2-3456-7890-ABCDEF123456}.Debug|Any CPU.ActiveCfg = Debug|Any CPU
		{D7E8F9A0-B1C2-3456-7890-ABCDEF123456}.Debug|Any CPU.Build.0 = Debug|Any CPU
		{D7E8F9A0-B1C2-3456-7890-ABCDEF123456}.Debug|x64.ActiveCfg = Debug|Any CPU
		{D7E8F9A0-B1C2-3456-7890-ABCDEF123456}.Debug|x64.Build.0 = Debug|Any CPU
		{D7E8F9A0-B1C2-3456-7890-ABCDEF123456}.Debug|x86.ActiveCfg = Debug|Any CPU
		{D7E8F9A0-B1C2-3456-7890-ABCDEF123456}.Debug|x86.Build.0 = Debug|Any CPU
		{D7E8F9A0-B1C2-3456-7890-ABCDEF123456}.Release|Any CPU.ActiveCfg = Release|Any CPU
		{D7E8F9A0-B1C2-3456-7890-ABCDEF123456}.Release|Any CPU.Build.0 = Release|Any CPU
		{D7E8F9A0-B1C2-3456-7890-ABCDEF123456}.Release|x64.ActiveCfg = Release|Any CPU
		{D7E8F9A0-B1C2-3456-7890-ABCDEF123456}.Release|x64.Build.0 = Release|Any CPU
		{D7E8F9A0-B1C2-3456-7890-ABCDEF123456}.Release|x86.ActiveCfg = Release|Any CPU
		{D7E8F9A0-B1C2-3456-7890-ABCDEF123456}.Release|x86.Build.0 = Release|Any CPU
		{F1E2D3C4-5678-9012-3456-7890ABCDEF12}.Debug|Any CPU.ActiveCfg = Debug|Any CPU
		{F1E2D3C4-5678-9012-3456-7890ABCDEF12}.Debug|Any CPU.Build.0 = Debug|Any CPU
		{F1E2D3C4-5678-9012-3456-7890ABCDEF12}.Debug|x64.ActiveCfg = Debug|Any CPU
		{F1E2D3C4-5678-9012-3456-7890ABCDEF12}.Debug|x64.Build.0 = Debug|Any CPU
		{F1E2D3C4-5678-9012-3456-7890ABCDEF12}.Debug|x86.ActiveCfg = Debug|Any CPU
		{F1E2D3C4-5678-9012-3456-7890ABCDEF12}.Debug|x86.Build.0 = Debug|Any CPU
		{F1E2D3C4-5678-9012-3456-7890ABCDEF12}.Release|Any CPU.ActiveCfg = Release|Any CPU
		{F1E2D3C4-5678-9012-3456-7890ABCDEF12}.Release|Any CPU.Build.0 = Release|Any CPU
		{F1E2D3C4-5678-9012-3456-7890ABCDEF12}.Release|x64.ActiveCfg = Release|Any CPU
		{F1E2D3C4-5678-9012-3456-7890ABCDEF12}.Release|x64.Build.0 = Release|Any CPU
		{F1E2D3C4-5678-9012-3456-7890ABCDEF12}.Release|x86.ActiveCfg = Release|Any CPU
		{F1E2D3C4-5678-9012-3456-7890ABCDEF12}.Release|x86.Build.0 = Release|Any CPU
		{5A6A639A-5988-4DF5-B05B-873E6FC4F7B1}.Debug|Any CPU.ActiveCfg = Debug|Any CPU
		{5A6A639A-5988-4DF5-B05B-873E6FC4F7B1}.Debug|Any CPU.Build.0 = Debug|Any CPU
		{5A6A639A-5988-4DF5-B05B-873E6FC4F7B1}.Debug|x64.ActiveCfg = Debug|Any CPU
		{5A6A639A-5988-4DF5-B05B-873E6FC4F7B1}.Debug|x64.Build.0 = Debug|Any CPU
		{5A6A639A-5988-4DF5-B05B-873E6FC4F7B1}.Debug|x86.ActiveCfg = Debug|Any CPU
		{5A6A639A-5988-4DF5-B05B-873E6FC4F7B1}.Debug|x86.Build.0 = Debug|Any CPU
		{5A6A639A-5988-4DF5-B05B-873E6FC4F7B1}.Release|Any CPU.ActiveCfg = Release|Any CPU
		{5A6A639A-5988-4DF5-B05B-873E6FC4F7B1}.Release|Any CPU.Build.0 = Release|Any CPU
		{5A6A639A-5988-4DF5-B05B-873E6FC4F7B1}.Release|x64.ActiveCfg = Release|Any CPU
		{5A6A639A-5988-4DF5-B05B-873E6FC4F7B1}.Release|x64.Build.0 = Release|Any CPU
		{5A6A639A-5988-4DF5-B05B-873E6FC4F7B1}.Release|x86.ActiveCfg = Release|Any CPU
		{5A6A639A-5988-4DF5-B05B-873E6FC4F7B1}.Release|x86.Build.0 = Release|Any CPU
		{6E88F783-CC7F-47C5-AFAB-FD29DA8F9127}.Debug|Any CPU.ActiveCfg = Debug|Any CPU
		{6E88F783-CC7F-47C5-AFAB-FD29DA8F9127}.Debug|Any CPU.Build.0 = Debug|Any CPU
		{6E88F783-CC7F-47C5-AFAB-FD29DA8F9127}.Debug|x64.ActiveCfg = Debug|Any CPU
		{6E88F783-CC7F-47C5-AFAB-FD29DA8F9127}.Debug|x64.Build.0 = Debug|Any CPU
		{6E88F783-CC7F-47C5-AFAB-FD29DA8F9127}.Debug|x86.ActiveCfg = Debug|Any CPU
		{6E88F783-CC7F-47C5-AFAB-FD29DA8F9127}.Debug|x86.Build.0 = Debug|Any CPU
		{6E88F783-CC7F-47C5-AFAB-FD29DA8F9127}.Release|Any CPU.ActiveCfg = Release|Any CPU
		{6E88F783-CC7F-47C5-AFAB-FD29DA8F9127}.Release|Any CPU.Build.0 = Release|Any CPU
		{6E88F783-CC7F-47C5-AFAB-FD29DA8F9127}.Release|x64.ActiveCfg = Release|Any CPU
		{6E88F783-CC7F-47C5-AFAB-FD29DA8F9127}.Release|x64.Build.0 = Release|Any CPU
		{6E88F783-CC7F-47C5-AFAB-FD29DA8F9127}.Release|x86.ActiveCfg = Release|Any CPU
		{6E88F783-CC7F-47C5-AFAB-FD29DA8F9127}.Release|x86.Build.0 = Release|Any CPU
		{BB398658-3EBA-4298-A9CE-AD3EA571F9FC}.Debug|Any CPU.ActiveCfg = Debug|Any CPU
		{BB398658-3EBA-4298-A9CE-AD3EA571F9FC}.Debug|Any CPU.Build.0 = Debug|Any CPU
		{BB398658-3EBA-4298-A9CE-AD3EA571F9FC}.Debug|x64.ActiveCfg = Debug|Any CPU
		{BB398658-3EBA-4298-A9CE-AD3EA571F9FC}.Debug|x64.Build.0 = Debug|Any CPU
		{BB398658-3EBA-4298-A9CE-AD3EA571F9FC}.Debug|x86.ActiveCfg = Debug|Any CPU
		{BB398658-3EBA-4298-A9CE-AD3EA571F9FC}.Debug|x86.Build.0 = Debug|Any CPU
		{BB398658-3EBA-4298-A9CE-AD3EA571F9FC}.Release|Any CPU.ActiveCfg = Release|Any CPU
		{BB398658-3EBA-4298-A9CE-AD3EA571F9FC}.Release|Any CPU.Build.0 = Release|Any CPU
		{BB398658-3EBA-4298-A9CE-AD3EA571F9FC}.Release|x64.ActiveCfg = Release|Any CPU
		{BB398658-3EBA-4298-A9CE-AD3EA571F9FC}.Release|x64.Build.0 = Release|Any CPU
		{BB398658-3EBA-4298-A9CE-AD3EA571F9FC}.Release|x86.ActiveCfg = Release|Any CPU
		{BB398658-3EBA-4298-A9CE-AD3EA571F9FC}.Release|x86.Build.0 = Release|Any CPU
		{F3228EF8-E44E-4880-BC98-026D376A1899}.Debug|Any CPU.ActiveCfg = Debug|Any CPU
		{F3228EF8-E44E-4880-BC98-026D376A1899}.Debug|Any CPU.Build.0 = Debug|Any CPU
		{F3228EF8-E44E-4880-BC98-026D376A1899}.Debug|x64.ActiveCfg = Debug|Any CPU
		{F3228EF8-E44E-4880-BC98-026D376A1899}.Debug|x64.Build.0 = Debug|Any CPU
		{F3228EF8-E44E-4880-BC98-026D376A1899}.Debug|x86.ActiveCfg = Debug|Any CPU
		{F3228EF8-E44E-4880-BC98-026D376A1899}.Debug|x86.Build.0 = Debug|Any CPU
		{F3228EF8-E44E-4880-BC98-026D376A1899}.Release|Any CPU.ActiveCfg = Release|Any CPU
		{F3228EF8-E44E-4880-BC98-026D376A1899}.Release|Any CPU.Build.0 = Release|Any CPU
		{F3228EF8-E44E-4880-BC98-026D376A1899}.Release|x64.ActiveCfg = Release|Any CPU
		{F3228EF8-E44E-4880-BC98-026D376A1899}.Release|x64.Build.0 = Release|Any CPU
		{F3228EF8-E44E-4880-BC98-026D376A1899}.Release|x86.ActiveCfg = Release|Any CPU
		{F3228EF8-E44E-4880-BC98-026D376A1899}.Release|x86.Build.0 = Release|Any CPU
		{539A2A6A-B1E7-462F-803A-DF6651AD14FC}.Debug|Any CPU.ActiveCfg = Debug|Any CPU
		{539A2A6A-B1E7-462F-803A-DF6651AD14FC}.Debug|Any CPU.Build.0 = Debug|Any CPU
		{539A2A6A-B1E7-462F-803A-DF6651AD14FC}.Debug|x64.ActiveCfg = Debug|Any CPU
		{539A2A6A-B1E7-462F-803A-DF6651AD14FC}.Debug|x64.Build.0 = Debug|Any CPU
		{539A2A6A-B1E7-462F-803A-DF6651AD14FC}.Debug|x86.ActiveCfg = Debug|Any CPU
		{539A2A6A-B1E7-462F-803A-DF6651AD14FC}.Debug|x86.Build.0 = Debug|Any CPU
		{539A2A6A-B1E7-462F-803A-DF6651AD14FC}.Release|Any CPU.ActiveCfg = Release|Any CPU
		{539A2A6A-B1E7-462F-803A-DF6651AD14FC}.Release|Any CPU.Build.0 = Release|Any CPU
		{539A2A6A-B1E7-462F-803A-DF6651AD14FC}.Release|x64.ActiveCfg = Release|Any CPU
		{539A2A6A-B1E7-462F-803A-DF6651AD14FC}.Release|x64.Build.0 = Release|Any CPU
		{539A2A6A-B1E7-462F-803A-DF6651AD14FC}.Release|x86.ActiveCfg = Release|Any CPU
		{539A2A6A-B1E7-462F-803A-DF6651AD14FC}.Release|x86.Build.0 = Release|Any CPU
		{6CA3F43A-CD28-441C-8331-DFFC2A27939B}.Debug|Any CPU.ActiveCfg = Debug|Any CPU
		{6CA3F43A-CD28-441C-8331-DFFC2A27939B}.Debug|Any CPU.Build.0 = Debug|Any CPU
		{6CA3F43A-CD28-441C-8331-DFFC2A27939B}.Debug|x64.ActiveCfg = Debug|Any CPU
		{6CA3F43A-CD28-441C-8331-DFFC2A27939B}.Debug|x64.Build.0 = Debug|Any CPU
		{6CA3F43A-CD28-441C-8331-DFFC2A27939B}.Debug|x86.ActiveCfg = Debug|Any CPU
		{6CA3F43A-CD28-441C-8331-DFFC2A27939B}.Debug|x86.Build.0 = Debug|Any CPU
		{6CA3F43A-CD28-441C-8331-DFFC2A27939B}.Release|Any CPU.ActiveCfg = Release|Any CPU
		{6CA3F43A-CD28-441C-8331-DFFC2A27939B}.Release|Any CPU.Build.0 = Release|Any CPU
		{6CA3F43A-CD28-441C-8331-DFFC2A27939B}.Release|x64.ActiveCfg = Release|Any CPU
		{6CA3F43A-CD28-441C-8331-DFFC2A27939B}.Release|x64.Build.0 = Release|Any CPU
		{6CA3F43A-CD28-441C-8331-DFFC2A27939B}.Release|x86.ActiveCfg = Release|Any CPU
		{6CA3F43A-CD28-441C-8331-DFFC2A27939B}.Release|x86.Build.0 = Release|Any CPU
		{FD2C8F63-9776-4CAA-B1EA-C2049C5BB1F4}.Debug|Any CPU.ActiveCfg = Debug|Any CPU
		{FD2C8F63-9776-4CAA-B1EA-C2049C5BB1F4}.Debug|Any CPU.Build.0 = Debug|Any CPU
		{FD2C8F63-9776-4CAA-B1EA-C2049C5BB1F4}.Debug|x64.ActiveCfg = Debug|Any CPU
		{FD2C8F63-9776-4CAA-B1EA-C2049C5BB1F4}.Debug|x64.Build.0 = Debug|Any CPU
		{FD2C8F63-9776-4CAA-B1EA-C2049C5BB1F4}.Debug|x86.ActiveCfg = Debug|Any CPU
		{FD2C8F63-9776-4CAA-B1EA-C2049C5BB1F4}.Debug|x86.Build.0 = Debug|Any CPU
		{FD2C8F63-9776-4CAA-B1EA-C2049C5BB1F4}.Release|Any CPU.ActiveCfg = Release|Any CPU
		{FD2C8F63-9776-4CAA-B1EA-C2049C5BB1F4}.Release|Any CPU.Build.0 = Release|Any CPU
		{FD2C8F63-9776-4CAA-B1EA-C2049C5BB1F4}.Release|x64.ActiveCfg = Release|Any CPU
		{FD2C8F63-9776-4CAA-B1EA-C2049C5BB1F4}.Release|x64.Build.0 = Release|Any CPU
		{FD2C8F63-9776-4CAA-B1EA-C2049C5BB1F4}.Release|x86.ActiveCfg = Release|Any CPU
		{FD2C8F63-9776-4CAA-B1EA-C2049C5BB1F4}.Release|x86.Build.0 = Release|Any CPU
		{5ECF895D-1682-4C9B-8399-E821A38507FD}.Debug|Any CPU.ActiveCfg = Debug|Any CPU
		{5ECF895D-1682-4C9B-8399-E821A38507FD}.Debug|Any CPU.Build.0 = Debug|Any CPU
		{5ECF895D-1682-4C9B-8399-E821A38507FD}.Debug|x64.ActiveCfg = Debug|Any CPU
		{5ECF895D-1682-4C9B-8399-E821A38507FD}.Debug|x64.Build.0 = Debug|Any CPU
		{5ECF895D-1682-4C9B-8399-E821A38507FD}.Debug|x86.ActiveCfg = Debug|Any CPU
		{5ECF895D-1682-4C9B-8399-E821A38507FD}.Debug|x86.Build.0 = Debug|Any CPU
		{5ECF895D-1682-4C9B-8399-E821A38507FD}.Release|Any CPU.ActiveCfg = Release|Any CPU
		{5ECF895D-1682-4C9B-8399-E821A38507FD}.Release|Any CPU.Build.0 = Release|Any CPU
		{5ECF895D-1682-4C9B-8399-E821A38507FD}.Release|x64.ActiveCfg = Release|Any CPU
		{5ECF895D-1682-4C9B-8399-E821A38507FD}.Release|x64.Build.0 = Release|Any CPU
		{5ECF895D-1682-4C9B-8399-E821A38507FD}.Release|x86.ActiveCfg = Release|Any CPU
		{5ECF895D-1682-4C9B-8399-E821A38507FD}.Release|x86.Build.0 = Release|Any CPU
		{6FD30DDD-8012-4230-9849-EC1681496A58}.Debug|Any CPU.ActiveCfg = Debug|Any CPU
		{6FD30DDD-8012-4230-9849-EC1681496A58}.Debug|Any CPU.Build.0 = Debug|Any CPU
		{6FD30DDD-8012-4230-9849-EC1681496A58}.Debug|x64.ActiveCfg = Debug|Any CPU
		{6FD30DDD-8012-4230-9849-EC1681496A58}.Debug|x64.Build.0 = Debug|Any CPU
		{6FD30DDD-8012-4230-9849-EC1681496A58}.Debug|x86.ActiveCfg = Debug|Any CPU
		{6FD30DDD-8012-4230-9849-EC1681496A58}.Debug|x86.Build.0 = Debug|Any CPU
		{6FD30DDD-8012-4230-9849-EC1681496A58}.Release|Any CPU.ActiveCfg = Release|Any CPU
		{6FD30DDD-8012-4230-9849-EC1681496A58}.Release|Any CPU.Build.0 = Release|Any CPU
		{6FD30DDD-8012-4230-9849-EC1681496A58}.Release|x64.ActiveCfg = Release|Any CPU
		{6FD30DDD-8012-4230-9849-EC1681496A58}.Release|x64.Build.0 = Release|Any CPU
		{6FD30DDD-8012-4230-9849-EC1681496A58}.Release|x86.ActiveCfg = Release|Any CPU
		{6FD30DDD-8012-4230-9849-EC1681496A58}.Release|x86.Build.0 = Release|Any CPU
		{31202B51-86CE-42BE-B661-D3DE4EAC374F}.Debug|Any CPU.ActiveCfg = Debug|Any CPU
		{31202B51-86CE-42BE-B661-D3DE4EAC374F}.Debug|Any CPU.Build.0 = Debug|Any CPU
		{31202B51-86CE-42BE-B661-D3DE4EAC374F}.Debug|x64.ActiveCfg = Debug|Any CPU
		{31202B51-86CE-42BE-B661-D3DE4EAC374F}.Debug|x64.Build.0 = Debug|Any CPU
		{31202B51-86CE-42BE-B661-D3DE4EAC374F}.Debug|x86.ActiveCfg = Debug|Any CPU
		{31202B51-86CE-42BE-B661-D3DE4EAC374F}.Debug|x86.Build.0 = Debug|Any CPU
		{31202B51-86CE-42BE-B661-D3DE4EAC374F}.Release|Any CPU.ActiveCfg = Release|Any CPU
		{31202B51-86CE-42BE-B661-D3DE4EAC374F}.Release|Any CPU.Build.0 = Release|Any CPU
		{31202B51-86CE-42BE-B661-D3DE4EAC374F}.Release|x64.ActiveCfg = Release|Any CPU
		{31202B51-86CE-42BE-B661-D3DE4EAC374F}.Release|x64.Build.0 = Release|Any CPU
		{31202B51-86CE-42BE-B661-D3DE4EAC374F}.Release|x86.ActiveCfg = Release|Any CPU
		{31202B51-86CE-42BE-B661-D3DE4EAC374F}.Release|x86.Build.0 = Release|Any CPU
		{3CCD6421-1803-4623-8F09-24A5CC5291A0}.Debug|Any CPU.ActiveCfg = Debug|Any CPU
		{3CCD6421-1803-4623-8F09-24A5CC5291A0}.Debug|Any CPU.Build.0 = Debug|Any CPU
		{3CCD6421-1803-4623-8F09-24A5CC5291A0}.Debug|x64.ActiveCfg = Debug|Any CPU
		{3CCD6421-1803-4623-8F09-24A5CC5291A0}.Debug|x64.Build.0 = Debug|Any CPU
		{3CCD6421-1803-4623-8F09-24A5CC5291A0}.Debug|x86.ActiveCfg = Debug|Any CPU
		{3CCD6421-1803-4623-8F09-24A5CC5291A0}.Debug|x86.Build.0 = Debug|Any CPU
		{3CCD6421-1803-4623-8F09-24A5CC5291A0}.Release|Any CPU.ActiveCfg = Release|Any CPU
		{3CCD6421-1803-4623-8F09-24A5CC5291A0}.Release|Any CPU.Build.0 = Release|Any CPU
		{3CCD6421-1803-4623-8F09-24A5CC5291A0}.Release|x64.ActiveCfg = Release|Any CPU
		{3CCD6421-1803-4623-8F09-24A5CC5291A0}.Release|x64.Build.0 = Release|Any CPU
		{3CCD6421-1803-4623-8F09-24A5CC5291A0}.Release|x86.ActiveCfg = Release|Any CPU
		{3CCD6421-1803-4623-8F09-24A5CC5291A0}.Release|x86.Build.0 = Release|Any CPU
		{6074CC3A-22E3-478B-90F7-9CEEC70F041E}.Debug|Any CPU.ActiveCfg = Debug|Any CPU
		{6074CC3A-22E3-478B-90F7-9CEEC70F041E}.Debug|Any CPU.Build.0 = Debug|Any CPU
		{6074CC3A-22E3-478B-90F7-9CEEC70F041E}.Debug|x64.ActiveCfg = Debug|Any CPU
		{6074CC3A-22E3-478B-90F7-9CEEC70F041E}.Debug|x64.Build.0 = Debug|Any CPU
		{6074CC3A-22E3-478B-90F7-9CEEC70F041E}.Debug|x86.ActiveCfg = Debug|Any CPU
		{6074CC3A-22E3-478B-90F7-9CEEC70F041E}.Debug|x86.Build.0 = Debug|Any CPU
		{6074CC3A-22E3-478B-90F7-9CEEC70F041E}.Release|Any CPU.ActiveCfg = Release|Any CPU
		{6074CC3A-22E3-478B-90F7-9CEEC70F041E}.Release|Any CPU.Build.0 = Release|Any CPU
		{6074CC3A-22E3-478B-90F7-9CEEC70F041E}.Release|x64.ActiveCfg = Release|Any CPU
		{6074CC3A-22E3-478B-90F7-9CEEC70F041E}.Release|x64.Build.0 = Release|Any CPU
		{6074CC3A-22E3-478B-90F7-9CEEC70F041E}.Release|x86.ActiveCfg = Release|Any CPU
		{6074CC3A-22E3-478B-90F7-9CEEC70F041E}.Release|x86.Build.0 = Release|Any CPU
		{47965985-8668-4D21-8D01-B3C8B3F4A4A8}.Debug|Any CPU.ActiveCfg = Debug|Any CPU
		{47965985-8668-4D21-8D01-B3C8B3F4A4A8}.Debug|Any CPU.Build.0 = Debug|Any CPU
		{47965985-8668-4D21-8D01-B3C8B3F4A4A8}.Debug|x64.ActiveCfg = Debug|Any CPU
		{47965985-8668-4D21-8D01-B3C8B3F4A4A8}.Debug|x64.Build.0 = Debug|Any CPU
		{47965985-8668-4D21-8D01-B3C8B3F4A4A8}.Debug|x86.ActiveCfg = Debug|Any CPU
		{47965985-8668-4D21-8D01-B3C8B3F4A4A8}.Debug|x86.Build.0 = Debug|Any CPU
		{47965985-8668-4D21-8D01-B3C8B3F4A4A8}.Release|Any CPU.ActiveCfg = Release|Any CPU
		{47965985-8668-4D21-8D01-B3C8B3F4A4A8}.Release|Any CPU.Build.0 = Release|Any CPU
		{47965985-8668-4D21-8D01-B3C8B3F4A4A8}.Release|x64.ActiveCfg = Release|Any CPU
		{47965985-8668-4D21-8D01-B3C8B3F4A4A8}.Release|x64.Build.0 = Release|Any CPU
		{47965985-8668-4D21-8D01-B3C8B3F4A4A8}.Release|x86.ActiveCfg = Release|Any CPU
		{47965985-8668-4D21-8D01-B3C8B3F4A4A8}.Release|x86.Build.0 = Release|Any CPU
		{EB56EA8A-DF37-40EB-81F3-6B667B3AEC59}.Debug|Any CPU.ActiveCfg = Debug|Any CPU
		{EB56EA8A-DF37-40EB-81F3-6B667B3AEC59}.Debug|Any CPU.Build.0 = Debug|Any CPU
		{EB56EA8A-DF37-40EB-81F3-6B667B3AEC59}.Debug|x64.ActiveCfg = Debug|Any CPU
		{EB56EA8A-DF37-40EB-81F3-6B667B3AEC59}.Debug|x64.Build.0 = Debug|Any CPU
		{EB56EA8A-DF37-40EB-81F3-6B667B3AEC59}.Debug|x86.ActiveCfg = Debug|Any CPU
		{EB56EA8A-DF37-40EB-81F3-6B667B3AEC59}.Debug|x86.Build.0 = Debug|Any CPU
		{EB56EA8A-DF37-40EB-81F3-6B667B3AEC59}.Release|Any CPU.ActiveCfg = Release|Any CPU
		{EB56EA8A-DF37-40EB-81F3-6B667B3AEC59}.Release|Any CPU.Build.0 = Release|Any CPU
		{EB56EA8A-DF37-40EB-81F3-6B667B3AEC59}.Release|x64.ActiveCfg = Release|Any CPU
		{EB56EA8A-DF37-40EB-81F3-6B667B3AEC59}.Release|x64.Build.0 = Release|Any CPU
		{EB56EA8A-DF37-40EB-81F3-6B667B3AEC59}.Release|x86.ActiveCfg = Release|Any CPU
		{EB56EA8A-DF37-40EB-81F3-6B667B3AEC59}.Release|x86.Build.0 = Release|Any CPU
		{791FEBD0-5461-406D-A63E-EF3F007C1530}.Debug|Any CPU.ActiveCfg = Debug|Any CPU
		{791FEBD0-5461-406D-A63E-EF3F007C1530}.Debug|Any CPU.Build.0 = Debug|Any CPU
		{791FEBD0-5461-406D-A63E-EF3F007C1530}.Debug|x64.ActiveCfg = Debug|Any CPU
		{791FEBD0-5461-406D-A63E-EF3F007C1530}.Debug|x64.Build.0 = Debug|Any CPU
		{791FEBD0-5461-406D-A63E-EF3F007C1530}.Debug|x86.ActiveCfg = Debug|Any CPU
		{791FEBD0-5461-406D-A63E-EF3F007C1530}.Debug|x86.Build.0 = Debug|Any CPU
		{791FEBD0-5461-406D-A63E-EF3F007C1530}.Release|Any CPU.ActiveCfg = Release|Any CPU
		{791FEBD0-5461-406D-A63E-EF3F007C1530}.Release|Any CPU.Build.0 = Release|Any CPU
		{791FEBD0-5461-406D-A63E-EF3F007C1530}.Release|x64.ActiveCfg = Release|Any CPU
		{791FEBD0-5461-406D-A63E-EF3F007C1530}.Release|x64.Build.0 = Release|Any CPU
		{791FEBD0-5461-406D-A63E-EF3F007C1530}.Release|x86.ActiveCfg = Release|Any CPU
		{791FEBD0-5461-406D-A63E-EF3F007C1530}.Release|x86.Build.0 = Release|Any CPU
		{C7EC5FFF-00C1-42BD-8396-2F514FE5AA01}.Debug|Any CPU.ActiveCfg = Debug|Any CPU
		{C7EC5FFF-00C1-42BD-8396-2F514FE5AA01}.Debug|Any CPU.Build.0 = Debug|Any CPU
		{C7EC5FFF-00C1-42BD-8396-2F514FE5AA01}.Debug|x64.ActiveCfg = Debug|Any CPU
		{C7EC5FFF-00C1-42BD-8396-2F514FE5AA01}.Debug|x64.Build.0 = Debug|Any CPU
		{C7EC5FFF-00C1-42BD-8396-2F514FE5AA01}.Debug|x86.ActiveCfg = Debug|Any CPU
		{C7EC5FFF-00C1-42BD-8396-2F514FE5AA01}.Debug|x86.Build.0 = Debug|Any CPU
		{C7EC5FFF-00C1-42BD-8396-2F514FE5AA01}.Release|Any CPU.ActiveCfg = Release|Any CPU
		{C7EC5FFF-00C1-42BD-8396-2F514FE5AA01}.Release|Any CPU.Build.0 = Release|Any CPU
		{C7EC5FFF-00C1-42BD-8396-2F514FE5AA01}.Release|x64.ActiveCfg = Release|Any CPU
		{C7EC5FFF-00C1-42BD-8396-2F514FE5AA01}.Release|x64.Build.0 = Release|Any CPU
		{C7EC5FFF-00C1-42BD-8396-2F514FE5AA01}.Release|x86.ActiveCfg = Release|Any CPU
		{C7EC5FFF-00C1-42BD-8396-2F514FE5AA01}.Release|x86.Build.0 = Release|Any CPU
		{3E118ACA-2417-4E70-B1C0-FD51F454B27F}.Debug|Any CPU.ActiveCfg = Debug|Any CPU
		{3E118ACA-2417-4E70-B1C0-FD51F454B27F}.Debug|Any CPU.Build.0 = Debug|Any CPU
		{3E118ACA-2417-4E70-B1C0-FD51F454B27F}.Debug|x64.ActiveCfg = Debug|Any CPU
		{3E118ACA-2417-4E70-B1C0-FD51F454B27F}.Debug|x64.Build.0 = Debug|Any CPU
		{3E118ACA-2417-4E70-B1C0-FD51F454B27F}.Debug|x86.ActiveCfg = Debug|Any CPU
		{3E118ACA-2417-4E70-B1C0-FD51F454B27F}.Debug|x86.Build.0 = Debug|Any CPU
		{3E118ACA-2417-4E70-B1C0-FD51F454B27F}.Release|Any CPU.ActiveCfg = Release|Any CPU
		{3E118ACA-2417-4E70-B1C0-FD51F454B27F}.Release|Any CPU.Build.0 = Release|Any CPU
		{3E118ACA-2417-4E70-B1C0-FD51F454B27F}.Release|x64.ActiveCfg = Release|Any CPU
		{3E118ACA-2417-4E70-B1C0-FD51F454B27F}.Release|x64.Build.0 = Release|Any CPU
		{3E118ACA-2417-4E70-B1C0-FD51F454B27F}.Release|x86.ActiveCfg = Release|Any CPU
		{3E118ACA-2417-4E70-B1C0-FD51F454B27F}.Release|x86.Build.0 = Release|Any CPU
		{14D65206-B53D-47B1-B0E8-17E27B73D0E2}.Debug|Any CPU.ActiveCfg = Debug|Any CPU
		{14D65206-B53D-47B1-B0E8-17E27B73D0E2}.Debug|Any CPU.Build.0 = Debug|Any CPU
		{14D65206-B53D-47B1-B0E8-17E27B73D0E2}.Debug|x64.ActiveCfg = Debug|Any CPU
		{14D65206-B53D-47B1-B0E8-17E27B73D0E2}.Debug|x64.Build.0 = Debug|Any CPU
		{14D65206-B53D-47B1-B0E8-17E27B73D0E2}.Debug|x86.ActiveCfg = Debug|Any CPU
		{14D65206-B53D-47B1-B0E8-17E27B73D0E2}.Debug|x86.Build.0 = Debug|Any CPU
		{14D65206-B53D-47B1-B0E8-17E27B73D0E2}.Release|Any CPU.ActiveCfg = Release|Any CPU
		{14D65206-B53D-47B1-B0E8-17E27B73D0E2}.Release|Any CPU.Build.0 = Release|Any CPU
		{14D65206-B53D-47B1-B0E8-17E27B73D0E2}.Release|x64.ActiveCfg = Release|Any CPU
		{14D65206-B53D-47B1-B0E8-17E27B73D0E2}.Release|x64.Build.0 = Release|Any CPU
		{14D65206-B53D-47B1-B0E8-17E27B73D0E2}.Release|x86.ActiveCfg = Release|Any CPU
		{14D65206-B53D-47B1-B0E8-17E27B73D0E2}.Release|x86.Build.0 = Release|Any CPU
	EndGlobalSection
	GlobalSection(SolutionProperties) = preSolution
		HideSolutionNode = FALSE
	EndGlobalSection
	GlobalSection(NestedProjects) = preSolution
		{27DF9A79-7032-3600-016B-A3CF77739CC4} = {9B6CB266-A584-4BF6-A116-ECC6DACC8228}
		{A1B2C3D4-5678-90AB-CDEF-1234567890AB} = {9B6CB266-A584-4BF6-A116-ECC6DACC8228}
		{B2C3D4E5-6789-0ABC-DEF1-234567890ABC} = {9B6CB266-A584-4BF6-A116-ECC6DACC8228}
		{E5F6A7B8-C9D0-1234-5678-90ABCDEF1234} = {AB1B021E-18FC-421C-A60B-BC2A27ECEC36}
		{D7E8F9A0-B1C2-3456-7890-ABCDEF123456} = {AB1B021E-18FC-421C-A60B-BC2A27ECEC36}
		{F1E2D3C4-5678-9012-3456-7890ABCDEF12} = {9B6CB266-A584-4BF6-A116-ECC6DACC8228}
		{5A6A639A-5988-4DF5-B05B-873E6FC4F7B1} = {9B6CB266-A584-4BF6-A116-ECC6DACC8228}
		{6E88F783-CC7F-47C5-AFAB-FD29DA8F9127} = {9B6CB266-A584-4BF6-A116-ECC6DACC8228}
		{CA468256-5C90-0F90-64BE-188FF40DB0F0} = {0AB3BF05-4346-4AA6-1389-037BE0695223}
		{BB398658-3EBA-4298-A9CE-AD3EA571F9FC} = {CA468256-5C90-0F90-64BE-188FF40DB0F0}
		{F3228EF8-E44E-4880-BC98-026D376A1899} = {CA468256-5C90-0F90-64BE-188FF40DB0F0}
		{539A2A6A-B1E7-462F-803A-DF6651AD14FC} = {CA468256-5C90-0F90-64BE-188FF40DB0F0}
		{6CA3F43A-CD28-441C-8331-DFFC2A27939B} = {CA468256-5C90-0F90-64BE-188FF40DB0F0}
		{FD2C8F63-9776-4CAA-B1EA-C2049C5BB1F4} = {0AB3BF05-4346-4AA6-1389-037BE0695223}
		{5ECF895D-1682-4C9B-8399-E821A38507FD} = {9B6CB266-A584-4BF6-A116-ECC6DACC8228}
		{6FD30DDD-8012-4230-9849-EC1681496A58} = {9B6CB266-A584-4BF6-A116-ECC6DACC8228}
		{31202B51-86CE-42BE-B661-D3DE4EAC374F} = {9B6CB266-A584-4BF6-A116-ECC6DACC8228}
		{3CCD6421-1803-4623-8F09-24A5CC5291A0} = {9B6CB266-A584-4BF6-A116-ECC6DACC8228}
		{6074CC3A-22E3-478B-90F7-9CEEC70F041E} = {9B6CB266-A584-4BF6-A116-ECC6DACC8228}
		{47965985-8668-4D21-8D01-B3C8B3F4A4A8} = {9B6CB266-A584-4BF6-A116-ECC6DACC8228}
		{EB56EA8A-DF37-40EB-81F3-6B667B3AEC59} = {9B6CB266-A584-4BF6-A116-ECC6DACC8228}
		{791FEBD0-5461-406D-A63E-EF3F007C1530} = {9B6CB266-A584-4BF6-A116-ECC6DACC8228}
		{C7EC5FFF-00C1-42BD-8396-2F514FE5AA01} = {9B6CB266-A584-4BF6-A116-ECC6DACC8228}
		{3E118ACA-2417-4E70-B1C0-FD51F454B27F} = {9B6CB266-A584-4BF6-A116-ECC6DACC8228}
		{14D65206-B53D-47B1-B0E8-17E27B73D0E2} = {9B6CB266-A584-4BF6-A116-ECC6DACC8228}
	EndGlobalSection
	GlobalSection(ExtensibilityGlobals) = postSolution
		SolutionGuid = {2298A573-1066-4805-A90A-F81617EB2FFA}
	EndGlobalSection
EndGlobal
